<Solution>
  <Project Path="04_3ChatLooping/04_3ChatLooping.csproj" Id="881a43b7-b2a9-4132-8291-a7b571c76d69" />
  <Project Path="05 _3ToolCallingMiddleware/05_3ToolCallingMiddleware.csproj" Id="5850977b-cdec-4152-bed5-435f3f6530b0" />
  <Project Path="05_1CreateTools/05_1CreateTools.csproj" Id="c933f0c5-345b-44ce-a4ea-6857ef75ca2d" />
  <Project Path="05_2McpService/05_2McpService.csproj" Id="fc0dc364-9261-4622-bd5d-b20ab4bb1948" />
  <Project Path="05_4OtherAgnetAsTools/05_4OtherAgnetAsTools.csproj" Id="b7388dc5-3ead-4a7a-9fef-e79286711036" />
  <Project Path="05_5WebSearch/05_5WebSearch.csproj" Id="7b9333c9-e937-4f62-9d1f-ea785590516f" />
  <Project Path="MaFUtilities/MaFUtilities.csproj" Id="5f7f54d3-fcb9-4141-890b-7aa210b28ec6" />
  <Project Path="MaFWorld/02_6MaFWorld.csproj" />
</Solution>
